// !$*UTF8*$!
{
	archiveVersion = 1;
	classes = {
	};
	objectVersion = 56;
	objects = {

/* Begin PBXBuildFile section */
		1630D05C2A2C8E6800543C44 /* Assets.xcassets in Resources */ = {isa = PBXBuildFile; fileRef = 1630D05B2A2C8E6800543C44 /* Assets.xcassets */; };
		1630D05F2A2C8E6800543C44 /* Preview Assets.xcassets in Resources */ = {isa = PBXBuildFile; fileRef = 1630D05E2A2C8E6800543C44 /* Preview Assets.xcassets */; };
		1650D1FA2A2C8ECC00A343B1 /* CustomTextFieldView2.swift in Sources */ = {isa = PBXBuildFile; fileRef = 1650D1F22A2C8ECC00A343B1 /* CustomTextFieldView2.swift */; };
		1650D1FB2A2C8ECC00A343B1 /* Issue2View.swift in Sources */ = {isa = PBXBuildFile; fileRef = 1650D1F32A2C8ECC00A343B1 /* Issue2View.swift */; };
		1650D1FC2A2C8ECC00A343B1 /* TextFieldBugsApp.swift in Sources */ = {isa = PBXBuildFile; fileRef = 1650D1F42A2C8ECC00A343B1 /* TextFieldBugsApp.swift */; };
		1650D1FD2A2C8ECC00A343B1 /* CustomTextField.swift in Sources */ = {isa = PBXBuildFile; fileRef = 1650D1F52A2C8ECC00A343B1 /* CustomTextField.swift */; };
		1650D1FE2A2C8ECC00A343B1 /* ViewWithViewModel.swift in Sources */ = {isa = PBXBuildFile; fileRef = 1650D1F72A2C8ECC00A343B1 /* ViewWithViewModel.swift */; };
		1650D1FF2A2C8ECC00A343B1 /* Issue1View.swift in Sources */ = {isa = PBXBuildFile; fileRef = 1650D1F82A2C8ECC00A343B1 /* Issue1View.swift */; };
		1650D2002A2C8ECC00A343B1 /* CustomTextFieldView.swift in Sources */ = {isa = PBXBuildFile; fileRef = 1650D1F92A2C8ECC00A343B1 /* CustomTextFieldView.swift */; };
/* End PBXBuildFile section */

/* Begin PBXFileReference section */
		1630D0542A2C8E6600543C44 /* TextFieldBugs.app */ = {isa = PBXFileReference; explicitFileType = wrapper.application; includeInIndex = 0; path = TextFieldBugs.app; sourceTree = BUILT_PRODUCTS_DIR; };
		1630D05B2A2C8E6800543C44 /* Assets.xcassets */ = {isa = PBXFileReference; lastKnownFileType = folder.assetcatalog; path = Assets.xcassets; sourceTree = "<group>"; };
		1630D05E2A2C8E6800543C44 /* Preview Assets.xcassets */ = {isa = PBXFileReference; lastKnownFileType = folder.assetcatalog; path = "Preview Assets.xcassets"; sourceTree = "<group>"; };
		1650D1F22A2C8ECC00A343B1 /* CustomTextFieldView2.swift */ = {isa = PBXFileReference; fileEncoding = 4; lastKnownFileType = sourcecode.swift; path = CustomTextFieldView2.swift; sourceTree = "<group>"; };
		1650D1F32A2C8ECC00A343B1 /* Issue2View.swift */ = {isa = PBXFileReference; fileEncoding = 4; lastKnownFileType = sourcecode.swift; path = Issue2View.swift; sourceTree = "<group>"; };
		1650D1F42A2C8ECC00A343B1 /* TextFieldBugsApp.swift */ = {isa = PBXFileReference; fileEncoding = 4; lastKnownFileType = sourcecode.swift; path = TextFieldBugsApp.swift; sourceTree = "<group>"; };
		1650D1F52A2C8ECC00A343B1 /* CustomTextField.swift */ = {isa = PBXFileReference; fileEncoding = 4; lastKnownFileType = sourcecode.swift; path = CustomTextField.swift; sourceTree = "<group>"; };
		1650D1F72A2C8ECC00A343B1 /* ViewWithViewModel.swift */ = {isa = PBXFileReference; fileEncoding = 4; lastKnownFileType = sourcecode.swift; path = ViewWithViewModel.swift; sourceTree = "<group>"; };
		1650D1F82A2C8ECC00A343B1 /* Issue1View.swift */ = {isa = PBXFileReference; fileEncoding = 4; lastKnownFileType = sourcecode.swift; path = Issue1View.swift; sourceTree = "<group>"; };
		1650D1F92A2C8ECC00A343B1 /* CustomTextFieldView.swift */ = {isa = PBXFileReference; fileEncoding = 4; lastKnownFileType = sourcecode.swift; path = CustomTextFieldView.swift; sourceTree = "<group>"; };
/* End PBXFileReference section */

/* Begin PBXFrameworksBuildPhase section */
		1630D0512A2C8E6600543C44 /* Frameworks */ = {
			isa = PBXFrameworksBuildPhase;
			buildActionMask = 2147483647;
			files = (
			);
			runOnlyForDeploymentPostprocessing = 0;
		};
/* End PBXFrameworksBuildPhase section */

/* Begin PBXGroup section */
		1630D04B2A2C8E6600543C44 = {
			isa = PBXGroup;
			children = (
				1630D0562A2C8E6600543C44 /* TextFieldBugs */,
				1630D0552A2C8E6600543C44 /* Products */,
			);
			sourceTree = "<group>";
		};
		1630D0552A2C8E6600543C44 /* Products */ = {
			isa = PBXGroup;
			children = (
				1630D0542A2C8E6600543C44 /* TextFieldBugs.app */,
			);
			name = Products;
			sourceTree = "<group>";
		};
		1630D0562A2C8E6600543C44 /* TextFieldBugs */ = {
			isa = PBXGroup;
			children = (
				1650D1F42A2C8ECC00A343B1 /* TextFieldBugsApp.swift */,
				1650D1F52A2C8ECC00A343B1 /* CustomTextField.swift */,
				1650D1F62A2C8ECC00A343B1 /* Issue1 */,
				1650D1F12A2C8ECC00A343B1 /* Issue2 */,
				1630D05B2A2C8E6800543C44 /* Assets.xcassets */,
				1630D05D2A2C8E6800543C44 /* Preview Content */,
			);
			path = TextFieldBugs;
			sourceTree = "<group>";
		};
		1630D05D2A2C8E6800543C44 /* Preview Content */ = {
			isa = PBXGroup;
			children = (
				1630D05E2A2C8E6800543C44 /* Preview Assets.xcassets */,
			);
			path = "Preview Content";
			sourceTree = "<group>";
		};
		1650D1F12A2C8ECC00A343B1 /* Issue2 */ = {
			isa = PBXGroup;
			children = (
				1650D1F22A2C8ECC00A343B1 /* CustomTextFieldView2.swift */,
				1650D1F32A2C8ECC00A343B1 /* Issue2View.swift */,
			);
			path = Issue2;
			sourceTree = "<group>";
		};
		1650D1F62A2C8ECC00A343B1 /* Issue1 */ = {
			isa = PBXGroup;
			children = (
				1650D1F72A2C8ECC00A343B1 /* ViewWithViewModel.swift */,
				1650D1F82A2C8ECC00A343B1 /* Issue1View.swift */,
				1650D1F92A2C8ECC00A343B1 /* CustomTextFieldView.swift */,
			);
			path = Issue1;
			sourceTree = "<group>";
		};
/* End PBXGroup section */

/* Begin PBXNativeTarget section */
		1630D0532A2C8E6600543C44 /* TextFieldBugs */ = {
			isa = PBXNativeTarget;
			buildConfigurationList = 1630D0622A2C8E6800543C44 /* Build configuration list for PBXNativeTarget "TextFieldBugs" */;
			buildPhases = (
				1630D0502A2C8E6600543C44 /* Sources */,
				1630D0512A2C8E6600543C44 /* Frameworks */,
				1630D0522A2C8E6600543C44 /* Resources */,
			);
			buildRules = (
			);
			dependencies = (
			);
			name = TextFieldBugs;
			productName = TextFieldBugs;
			productReference = 1630D0542A2C8E6600543C44 /* TextFieldBugs.app */;
			productType = "com.apple.product-type.application";
		};
/* End PBXNativeTarget section */

/* Begin PBXProject section */
		1630D04C2A2C8E6600543C44 /* Project object */ = {
			isa = PBXProject;
			attributes = {
				BuildIndependentTargetsInParallel = 1;
				LastSwiftUpdateCheck = 1430;
				LastUpgradeCheck = 1430;
				TargetAttributes = {
					1630D0532A2C8E6600543C44 = {
						CreatedOnToolsVersion = 14.3.1;
						LastSwiftMigration = 1430;
					};
				};
			};
			buildConfigurationList = 1630D04F2A2C8E6600543C44 /* Build configuration list for PBXProject "TextFieldBugs" */;
			compatibilityVersion = "Xcode 14.0";
			developmentRegion = en;
			hasScannedForEncodings = 0;
			knownRegions = (
				en,
				Base,
			);
			mainGroup = 1630D04B2A2C8E6600543C44;
			productRefGroup = 1630D0552A2C8E6600543C44 /* Products */;
			projectDirPath = "";
			projectRoot = "";
			targets = (
				1630D0532A2C8E6600543C44 /* TextFieldBugs */,
			);
		};
/* End PBXProject section */

/* Begin PBXResourcesBuildPhase section */
		1630D0522A2C8E6600543C44 /* Resources */ = {
			isa = PBXResourcesBuildPhase;
			buildActionMask = 2147483647;
			files = (
				1630D05F2A2C8E6800543C44 /* Preview Assets.xcassets in Resources */,
				1630D05C2A2C8E6800543C44 /* Assets.xcassets in Resources */,
			);
			runOnlyForDeploymentPostprocessing = 0;
		};
/* End PBXResourcesBuildPhase section */

/* Begin PBXSourcesBuildPhase section */
		1630D0502A2C8E6600543C44 /* Sources */ = {
			isa = PBXSourcesBuildPhase;
			buildActionMask = 2147483647;
			files = (
				1650D1FF2A2C8ECC00A343B1 /* Issue1View.swift in Sources */,
				1650D1FE2A2C8ECC00A343B1 /* ViewWithViewModel.swift in Sources */,
				1650D1FD2A2C8ECC00A343B1 /* CustomTextField.swift in Sources */,
				1650D2002A2C8ECC00A343B1 /* CustomTextFieldView.swift in Sources */,
				1650D1FA2A2C8ECC00A343B1 /* CustomTextFieldView2.swift in Sources */,
				1650D1FB2A2C8ECC00A343B1 /* Issue2View.swift in Sources */,
				1650D1FC2A2C8ECC00A343B1 /* TextFieldBugsApp.swift in Sources */,
			);
			runOnlyForDeploymentPostprocessing = 0;
		};
/* End PBXSourcesBuildPhase section */

/* Begin XCBuildConfiguration section */
		1630D0602A2C8E6800543C44 /* Debug */ = {
			isa = XCBuildConfiguration;
			buildSettings = {
				ALWAYS_SEARCH_USER_PATHS = NO;
				CLANG_ANALYZER_NONNULL = YES;
				CLANG_ANALYZER_NUMBER_OBJECT_CONVERSION = YES_AGGRESSIVE;
				CLANG_CXX_LANGUAGE_STANDARD = "gnu++20";
				CLANG_ENABLE_MODULES = YES;
				CLANG_ENABLE_OBJC_ARC = YES;
				CLANG_ENABLE_OBJC_WEAK = YES;
				CLANG_WARN_BLOCK_CAPTURE_AUTORELEASING = YES;
				CLANG_WARN_BOOL_CONVERSION = YES;
				CLANG_WARN_COMMA = YES;
				CLANG_WARN_CONSTANT_CONVERSION = YES;
				CLANG_WARN_DEPRECATED_OBJC_IMPLEMENTATIONS = YES;
				CLANG_WARN_DIRECT_OBJC_ISA_USAGE = YES_ERROR;
				CLANG_WARN_DOCUMENTATION_COMMENTS = YES;
				CLANG_WARN_EMPTY_BODY = YES;
				CLANG_WARN_ENUM_CONVERSION = YES;
				CLANG_WARN_INFINITE_RECURSION = YES;
				CLANG_WARN_INT_CONVERSION = YES;
				CLANG_WARN_NON_LITERAL_NULL_CONVERSION = YES;
				CLANG_WARN_OBJC_IMPLICIT_RETAIN_SELF = YES;
				CLANG_WARN_OBJC_LITERAL_CONVERSION = YES;
				CLANG_WARN_OBJC_ROOT_CLASS = YES_ERROR;
				CLANG_WARN_QUOTED_INCLUDE_IN_FRAMEWORK_HEADER = YES;
				CLANG_WARN_RANGE_LOOP_ANALYSIS = YES;
				CLANG_WARN_STRICT_PROTOTYPES = YES;
				CLANG_WARN_SUSPICIOUS_MOVE = YES;
				CLANG_WARN_UNGUARDED_AVAILABILITY = YES_AGGRESSIVE;
				CLANG_WARN_UNREACHABLE_CODE = YES;
				CLANG_WARN__DUPLICATE_METHOD_MATCH = YES;
				COPY_PHASE_STRIP = NO;
				DEBUG_INFORMATION_FORMAT = dwarf;
				ENABLE_STRICT_OBJC_MSGSEND = YES;
				ENABLE_TESTABILITY = YES;
				GCC_C_LANGUAGE_STANDARD = gnu11;
				GCC_DYNAMIC_NO_PIC = NO;
				GCC_NO_COMMON_BLOCKS = YES;
				GCC_OPTIMIZATION_LEVEL = 0;
				GCC_PREPROCESSOR_DEFINITIONS = (
					"DEBUG=1",
					"$(inherited)",
				);
				GCC_WARN_64_TO_32_BIT_CONVERSION = YES;
				GCC_WARN_ABOUT_RETURN_TYPE = YES_ERROR;
				GCC_WARN_UNDECLARED_SELECTOR = YES;
				GCC_WARN_UNINITIALIZED_AUTOS = YES_AGGRESSIVE;
				GCC_WARN_UNUSED_FUNCTION = YES;
				GCC_WARN_UNUSED_VARIABLE = YES;
				IPHONEOS_DEPLOYMENT_TARGET = 14.0;
				MTL_ENABLE_DEBUG_INFO = INCLUDE_SOURCE;
				MTL_FAST_MATH = YES;
				ONLY_ACTIVE_ARCH = YES;
				SDKROOT = iphoneos;
				SWIFT_ACTIVE_COMPILATION_CONDITIONS = DEBUG;
				SWIFT_OPTIMIZATION_LEVEL = "-Onone";
			};
			name = Debug;
		};
		1630D0612A2C8E6800543C44 /* Release */ = {
			isa = XCBuildConfiguration;
			buildSettings = {
				ALWAYS_SEARCH_USER_PATHS = NO;
				CLANG_ANALYZER_NONNULL = YES;
				CLANG_ANALYZER_NUMBER_OBJECT_CONVERSION = YES_AGGRESSIVE;
				CLANG_CXX_LANGUAGE_STANDARD = "gnu++20";
				CLANG_ENABLE_MODULES = YES;
				CLANG_ENABLE_OBJC_ARC = YES;
				CLANG_ENABLE_OBJC_WEAK = YES;
				CLANG_WARN_BLOCK_CAPTURE_AUTORELEASING = YES;
				CLANG_WARN_BOOL_CONVERSION = YES;
				CLANG_WARN_COMMA = YES;
				CLANG_WARN_CONSTANT_CONVERSION = YES;
				CLANG_WARN_DEPRECATED_OBJC_IMPLEMENTATIONS = YES;
				CLANG_WARN_DIRECT_OBJC_ISA_USAGE = YES_ERROR;
				CLANG_WARN_DOCUMENTATION_COMMENTS = YES;
				CLANG_WARN_EMPTY_BODY = YES;
				CLANG_WARN_ENUM_CONVERSION = YES;
				CLANG_WARN_INFINITE_RECURSION = YES;
				CLANG_WARN_INT_CONVERSION = YES;
				CLANG_WARN_NON_LITERAL_NULL_CONVERSION = YES;
				CLANG_WARN_OBJC_IMPLICIT_RETAIN_SELF = YES;
				CLANG_WARN_OBJC_LITERAL_CONVERSION = YES;
				CLANG_WARN_OBJC_ROOT_CLASS = YES_ERROR;
				CLANG_WARN_QUOTED_INCLUDE_IN_FRAMEWORK_HEADER = YES;
				CLANG_WARN_RANGE_LOOP_ANALYSIS = YES;
				CLANG_WARN_STRICT_PROTOTYPES = YES;
				CLANG_WARN_SUSPICIOUS_MOVE = YES;
				CLANG_WARN_UNGUARDED_AVAILABILITY = YES_AGGRESSIVE;
				CLANG_WARN_UNREACHABLE_CODE = YES;
				CLANG_WARN__DUPLICATE_METHOD_MATCH = YES;
				COPY_PHASE_STRIP = NO;
				DEBUG_INFORMATION_FORMAT = "dwarf-with-dsym";
				ENABLE_NS_ASSERTIONS = NO;
				ENABLE_STRICT_OBJC_MSGSEND = YES;
				GCC_C_LANGUAGE_STANDARD = gnu11;
				GCC_NO_COMMON_BLOCKS = YES;
				GCC_WARN_64_TO_32_BIT_CONVERSION = YES;
				GCC_WARN_ABOUT_RETURN_TYPE = YES_ERROR;
				GCC_WARN_UNDECLARED_SELECTOR = YES;
				GCC_WARN_UNINITIALIZED_AUTOS = YES_AGGRESSIVE;
				GCC_WARN_UNUSED_FUNCTION = YES;
				GCC_WARN_UNUSED_VARIABLE = YES;
				IPHONEOS_DEPLOYMENT_TARGET = 14.0;
				MTL_ENABLE_DEBUG_INFO = NO;
				MTL_FAST_MATH = YES;
				SDKROOT = iphoneos;
				SWIFT_COMPILATION_MODE = wholemodule;
				SWIFT_OPTIMIZATION_LEVEL = "-O";
				VALIDATE_PRODUCT = YES;
			};
			name = Release;
		};
		1630D0632A2C8E6800543C44 /* Debug */ = {
			isa = XCBuildConfiguration;
			buildSettings = {
				ASSETCATALOG_COMPILER_APPICON_NAME = AppIcon;
				ASSETCATALOG_COMPILER_GLOBAL_ACCENT_COLOR_NAME = AccentColor;
				CLANG_ENABLE_MODULES = YES;
				CODE_SIGN_STYLE = Automatic;
				CURRENT_PROJECT_VERSION = 1;
				DEVELOPMENT_ASSET_PATHS = "\"TextFieldBugs/Preview Content\"";
				DEVELOPMENT_TEAM = "";
				ENABLE_PREVIEWS = YES;
				GENERATE_INFOPLIST_FILE = YES;
				INFOPLIST_KEY_UIApplicationSceneManifest_Generation = YES;
				INFOPLIST_KEY_UIApplicationSupportsIndirectInputEvents = YES;
				INFOPLIST_KEY_UILaunchScreen_Generation = YES;
				INFOPLIST_KEY_UISupportedInterfaceOrientations_iPad = "UIInterfaceOrientationPortrait UIInterfaceOrientationPortraitUpsideDown UIInterfaceOrientationLandscapeLeft UIInterfaceOrientationLandscapeRight";
				INFOPLIST_KEY_UISupportedInterfaceOrientations_iPhone = "UIInterfaceOrientationPortrait UIInterfaceOrientationLandscapeLeft UIInterfaceOrientationLandscapeRight";
				IPHONEOS_DEPLOYMENT_TARGET = 14.0;
				LD_RUNPATH_SEARCH_PATHS = (
					"$(inherited)",
					"@executable_path/Frameworks",
				);
				MARKETING_VERSION = 1.0;
				PRODUCT_BUNDLE_IDENTIFIER = pl.wojciechkulik.TextFieldBugs;
				PRODUCT_NAME = "$(TARGET_NAME)";
				SUPPORTED_PLATFORMS = "iphoneos iphonesimulator";
				SUPPORTS_MACCATALYST = NO;
				SUPPORTS_MAC_DESIGNED_FOR_IPHONE_IPAD = NO;
				SWIFT_EMIT_LOC_STRINGS = YES;
				SWIFT_OPTIMIZATION_LEVEL = "-Onone";
				SWIFT_VERSION = 5.0;
				TARGETED_DEVICE_FAMILY = 1;
			};
			name = Debug;
		};
		1630D0642A2C8E6800543C44 /* Release */ = {
			isa = XCBuildConfiguration;
			buildSettings = {
				ASSETCATALOG_COMPILER_APPICON_NAME = AppIcon;
				ASSETCATALOG_COMPILER_GLOBAL_ACCENT_COLOR_NAME = AccentColor;
				CLANG_ENABLE_MODULES = YES;
				CODE_SIGN_STYLE = Automatic;
				CURRENT_PROJECT_VERSION = 1;
				DEVELOPMENT_ASSET_PATHS = "\"TextFieldBugs/Preview Content\"";
				DEVELOPMENT_TEAM = "";
				ENABLE_PREVIEWS = YES;
				GENERATE_INFOPLIST_FILE = YES;
				INFOPLIST_KEY_UIApplicationSceneManifest_Generation = YES;
				INFOPLIST_KEY_UIApplicationSupportsIndirectInputEvents = YES;
				INFOPLIST_KEY_UILaunchScreen_Generation = YES;
				INFOPLIST_KEY_UISupportedInterfaceOrientations_iPad = "UIInterfaceOrientationPortrait UIInterfaceOrientationPortraitUpsideDown UIInterfaceOrientationLandscapeLeft UIInterfaceOrientationLandscapeRight";
				INFOPLIST_KEY_UISupportedInterfaceOrientations_iPhone = "UIInterfaceOrientationPortrait UIInterfaceOrientationLandscapeLeft UIInterfaceOrientationLandscapeRight";
				IPHONEOS_DEPLOYMENT_TARGET = 14.0;
				LD_RUNPATH_SEARCH_PATHS = (
					"$(inherited)",
					"@executable_path/Frameworks",
				);
				MARKETING_VERSION = 1.0;
				PRODUCT_BUNDLE_IDENTIFIER = pl.wojciechkulik.TextFieldBugs;
				PRODUCT_NAME = "$(TARGET_NAME)";
				SUPPORTED_PLATFORMS = "iphoneos iphonesimulator";
				SUPPORTS_MACCATALYST = NO;
				SUPPORTS_MAC_DESIGNED_FOR_IPHONE_IPAD = NO;
				SWIFT_EMIT_LOC_STRINGS = YES;
				SWIFT_VERSION = 5.0;
				TARGETED_DEVICE_FAMILY = 1;
			};
			name = Release;
		};
/* End XCBuildConfiguration section */

/* Begin XCConfigurationList section */
		1630D04F2A2C8E6600543C44 /* Build configuration list for PBXProject "TextFieldBugs" */ = {
			isa = XCConfigurationList;
			buildConfigurations = (
				1630D0602A2C8E6800543C44 /* Debug */,
				1630D0612A2C8E6800543C44 /* Release */,
			);
			defaultConfigurationIsVisible = 0;
			defaultConfigurationName = Release;
		};
		1630D0622A2C8E6800543C44 /* Build configuration list for PBXNativeTarget "TextFieldBugs" */ = {
			isa = XCConfigurationList;
			buildConfigurations = (
				1630D0632A2C8E6800543C44 /* Debug */,
				1630D0642A2C8E6800543C44 /* Release */,
			);
			defaultConfigurationIsVisible = 0;
			defaultConfigurationName = Release;
		};
/* End XCConfigurationList section */
	};
	rootObject = 1630D04C2A2C8E6600543C44 /* Project object */;
}
